
Microsoft Visual Studio Solution File, Format Version 12.00
# Visual Studio Version 17
VisualStudioVersion = 17.4.33122.133
MinimumVisualStudioVersion = 10.0.40219.1
Project("{9A19103F-16F7-4668-BE54-9A1E7A4F7556}") = "PatreonDownloader.App", "PatreonDownloader.App\PatreonDownloader.App.csproj", "{DA8399F8-9CC8-46DB-877E-7B85F3AFCF98}"
EndProject
Project("{9A19103F-16F7-4668-BE54-9A1E7A4F7556}") = "PatreonDownloader.Implementation", "PatreonDownloader.Implementation\PatreonDownloader.Implementation.csproj", "{3C84157E-4044-4E4E-816A-0CA0EA438D16}"
EndProject
Project("{2150E333-8FDC-42A3-9474-1A3956D46DE8}") = "submodules", "submodules", "{B84B7F77-FEAC-4404-B299-70798AF91610}"
EndProject
Project("{9A19103F-16F7-4668-BE54-9A1E7A4F7556}") = "UniversalDownloaderPlatform.Common", "submodules\UniversalDownloaderPlatform\UniversalDownloaderPlatform.Common\UniversalDownloaderPlatform.Common.csproj", "{2A752CD2-66E9-455D-8160-EB7DD5AA43A0}"
EndProject
Project("{9A19103F-16F7-4668-BE54-9A1E7A4F7556}") = "UniversalDownloaderPlatform.DefaultImplementations", "submodules\UniversalDownloaderPlatform\UniversalDownloaderPlatform.DefaultImplementations\UniversalDownloaderPlatform.DefaultImplementations.csproj", "{4D6CFA58-7C03-4451-AE58-7F1C148787A3}"
EndProject
Project("{9A19103F-16F7-4668-BE54-9A1E7A4F7556}") = "UniversalDownloaderPlatform.Engine", "submodules\UniversalDownloaderPlatform\UniversalDownloaderPlatform.Engine\UniversalDownloaderPlatform.Engine.csproj", "{A887D576-2DDB-4DDD-93FC-3C32544C0050}"
EndProject
Project("{2150E333-8FDC-42A3-9474-1A3956D46DE8}") = "Tests", "Tests", "{C675CCB3-6202-4A24-BDB4-635F5B3783BE}"
EndProject
Project("{9A19103F-16F7-4668-BE54-9A1E7A4F7556}") = "PatreonDownloader.Tests", "PatreonDownloader.Tests\PatreonDownloader.Tests.csproj", "{32589019-22B4-49E3-9710-86407EA1F911}"
EndProject
Project("{9A19103F-16F7-4668-BE54-9A1E7A4F7556}") = "UniversalDownloaderPlatform.PuppeteerEngine", "submodules\UniversalDownloaderPlatform\UniversalDownloaderPlatform.PuppeteerEngine\UniversalDownloaderPlatform.PuppeteerEngine.csproj", "{2EF4E7BA-9E1C-43D7-B483-AD5D90033631}"
EndProject
Global
	GlobalSection(SolutionConfigurationPlatforms) = preSolution
		Debug|Any CPU = Debug|Any CPU
		Release|Any CPU = Release|Any CPU
	EndGlobalSection
	GlobalSection(ProjectConfigurationPlatforms) = postSolution
		{DA8399F8-9CC8-46DB-877E-7B85F3AFCF98}.Debug|Any CPU.ActiveCfg = Debug|Any CPU
		{DA8399F8-9CC8-46DB-877E-7B85F3AFCF98}.Debug|Any CPU.Build.0 = Debug|Any CPU
		{DA8399F8-9CC8-46DB-877E-7B85F3AFCF98}.Release|Any CPU.ActiveCfg = Release|Any CPU
		{DA8399F8-9CC8-46DB-877E-7B85F3AFCF98}.Release|Any CPU.Build.0 = Release|Any CPU
		{3C84157E-4044-4E4E-816A-0CA0EA438D16}.Debug|Any CPU.ActiveCfg = Debug|Any CPU
		{3C84157E-4044-4E4E-816A-0CA0EA438D16}.Debug|Any CPU.Build.0 = Debug|Any CPU
		{3C84157E-4044-4E4E-816A-0CA0EA438D16}.Release|Any CPU.ActiveCfg = Release|Any CPU
		{3C84157E-4044-4E4E-816A-0CA0EA438D16}.Release|Any CPU.Build.0 = Release|Any CPU
		{2A752CD2-66E9-455D-8160-EB7DD5AA43A0}.Debug|Any CPU.ActiveCfg = Debug|Any CPU
		{2A752CD2-66E9-455D-8160-EB7DD5AA43A0}.Debug|Any CPU.Build.0 = Debug|Any CPU
		{2A752CD2-66E9-455D-8160-EB7DD5AA43A0}.Release|Any CPU.ActiveCfg = Release|Any CPU
		{2A752CD2-66E9-455D-8160-EB7DD5AA43A0}.Release|Any CPU.Build.0 = Release|Any CPU
		{4D6CFA58-7C03-4451-AE58-7F1C148787A3}.Debug|Any CPU.ActiveCfg = Debug|Any CPU
		{4D6CFA58-7C03-4451-AE58-7F1C148787A3}.Debug|Any CPU.Build.0 = Debug|Any CPU
		{4D6CFA58-7C03-4451-AE58-7F1C148787A3}.Release|Any CPU.ActiveCfg = Release|Any CPU
		{4D6CFA58-7C03-4451-AE58-7F1C148787A3}.Release|Any CPU.Build.0 = Release|Any CPU
		{A887D576-2DDB-4DDD-93FC-3C32544C0050}.Debug|Any CPU.ActiveCfg = Debug|Any CPU
		{A887D576-2DDB-4DDD-93FC-3C32544C0050}.Debug|Any CPU.Build.0 = Debug|Any CPU
		{A887D576-2DDB-4DDD-93FC-3C32544C0050}.Release|Any CPU.ActiveCfg = Release|Any CPU
		{A887D576-2DDB-4DDD-93FC-3C32544C0050}.Release|Any CPU.Build.0 = Release|Any CPU
		{32589019-22B4-49E3-9710-86407EA1F911}.Debug|Any CPU.ActiveCfg = Debug|Any CPU
		{32589019-22B4-49E3-9710-86407EA1F911}.Debug|Any CPU.Build.0 = Debug|Any CPU
		{32589019-22B4-49E3-9710-86407EA1F911}.Release|Any CPU.ActiveCfg = Release|Any CPU
		{32589019-22B4-49E3-9710-86407EA1F911}.Release|Any CPU.Build.0 = Release|Any CPU
		{2EF4E7BA-9E1C-43D7-B483-AD5D90033631}.Debug|Any CPU.ActiveCfg = Debug|Any CPU
		{2EF4E7BA-9E1C-43D7-B483-AD5D90033631}.Debug|Any CPU.Build.0 = Debug|Any CPU
		{2EF4E7BA-9E1C-43D7-B483-AD5D90033631}.Release|Any CPU.ActiveCfg = Release|Any CPU
		{2EF4E7BA-9E1C-43D7-B483-AD5D90033631}.Release|Any CPU.Build.0 = Release|Any CPU
	EndGlobalSection
	GlobalSection(SolutionProperties) = preSolution
		HideSolutionNode = FALSE
	EndGlobalSection
	GlobalSection(NestedProjects) = preSolution
		{2A752CD2-66E9-455D-8160-EB7DD5AA43A0} = {B84B7F77-FEAC-4404-B299-70798AF91610}
		{4D6CFA58-7C03-4451-AE58-7F1C148787A3} = {B84B7F77-FEAC-4404-B299-70798AF91610}
		{A887D576-2DDB-4DDD-93FC-3C32544C0050} = {B84B7F77-FEAC-4404-B299-70798AF91610}
		{32589019-22B4-49E3-9710-86407EA1F911} = {C675CCB3-6202-4A24-BDB4-635F5B3783BE}
		{2EF4E7BA-9E1C-43D7-B483-AD5D90033631} = {B84B7F77-FEAC-4404-B299-70798AF91610}
	EndGlobalSection
	GlobalSection(ExtensibilityGlobals) = postSolution
		SolutionGuid = {D69B5C66-A2F2-44AE-B347-C072E8538DF6}
	EndGlobalSection
EndGlobal
